// !$*UTF8*$!
{
	archiveVersion = 1;
	classes = {
	};
	objectVersion = 56;
	objects = {

/* Begin PBXBuildFile section */
		EE1ADF0E2CD90C300011C288 /* ItemCategoryView.swift in Sources */ = {isa = PBXBuildFile; fileRef = EE1ADF0D2CD90C300011C288 /* ItemCategoryView.swift */; };
		EE1ADF102CD90C3C0011C288 /* ItemCategoryView.xib in Resources */ = {isa = PBXBuildFile; fileRef = EE1ADF0F2CD90C3C0011C288 /* ItemCategoryView.xib */; };
		EE1ADF122CD9B6300011C288 /* UIButton+Ext.swift in Sources */ = {isa = PBXBuildFile; fileRef = EE1ADF112CD9B6300011C288 /* UIButton+Ext.swift */; };
		EE1ADF182CD9F77D0011C288 /* KeyboardToolbar.swift in Sources */ = {isa = PBXBuildFile; fileRef = EE1ADF172CD9F77D0011C288 /* KeyboardToolbar.swift */; };
		EE539C162CD8AE4D00F70CC0 /* DeliveryMethodView.xib in Resources */ = {isa = PBXBuildFile; fileRef = EE539C152CD8AE4D00F70CC0 /* DeliveryMethodView.xib */; };
		EE539C182CD8AE5300F70CC0 /* DeliveryMethodView.swift in Sources */ = {isa = PBXBuildFile; fileRef = EE539C172CD8AE5300F70CC0 /* DeliveryMethodView.swift */; };
		EE539C1B2CD8B2D300F70CC0 /* AdditionalInfomationView.xib in Resources */ = {isa = PBXBuildFile; fileRef = EE539C1A2CD8B2D300F70CC0 /* AdditionalInfomationView.xib */; };
		EE539C1D2CD8B2E700F70CC0 /* AdditionalInfomationView.swift in Sources */ = {isa = PBXBuildFile; fileRef = EE539C1C2CD8B2E700F70CC0 /* AdditionalInfomationView.swift */; };
		EEB535702CD632EC00FDA96A /* AppDelegate.swift in Sources */ = {isa = PBXBuildFile; fileRef = EEB5356F2CD632EC00FDA96A /* AppDelegate.swift */; };
		EEB535722CD632EC00FDA96A /* SceneDelegate.swift in Sources */ = {isa = PBXBuildFile; fileRef = EEB535712CD632EC00FDA96A /* SceneDelegate.swift */; };
		EEB535742CD632EC00FDA96A /* ViewController.swift in Sources */ = {isa = PBXBuildFile; fileRef = EEB535732CD632EC00FDA96A /* ViewController.swift */; };
		EEB535772CD632EC00FDA96A /* Base in Resources */ = {isa = PBXBuildFile; fileRef = EEB535762CD632EC00FDA96A /* Base */; };
		EEB535792CD632EE00FDA96A /* Assets.xcassets in Resources */ = {isa = PBXBuildFile; fileRef = EEB535782CD632EE00FDA96A /* Assets.xcassets */; };
		EEB5357C2CD632EE00FDA96A /* Base in Resources */ = {isa = PBXBuildFile; fileRef = EEB5357B2CD632EE00FDA96A /* Base */; };
		EEB535842CD640AA00FDA96A /* ItemImageView.xib in Resources */ = {isa = PBXBuildFile; fileRef = EEB535832CD640AA00FDA96A /* ItemImageView.xib */; };
		EEB535862CD640B400FDA96A /* ItemImageView.swift in Sources */ = {isa = PBXBuildFile; fileRef = EEB535852CD640B400FDA96A /* ItemImageView.swift */; };
		EEB5358C2CD6463500FDA96A /* CustomView.swift in Sources */ = {isa = PBXBuildFile; fileRef = EEB5358B2CD6463500FDA96A /* CustomView.swift */; };
		EEB5358F2CD66CE000FDA96A /* ItemInfomationView.xib in Resources */ = {isa = PBXBuildFile; fileRef = EEB5358E2CD66CE000FDA96A /* ItemInfomationView.xib */; };
		EEB535912CD66CED00FDA96A /* ItemInfomationView.swift in Sources */ = {isa = PBXBuildFile; fileRef = EEB535902CD66CED00FDA96A /* ItemInfomationView.swift */; };
		EEB535942CD6FE4200FDA96A /* UIView+Ext.swift in Sources */ = {isa = PBXBuildFile; fileRef = EEB535932CD6FE4200FDA96A /* UIView+Ext.swift */; };
		EEB535972CD8A12100FDA96A /* ItemPriceView.xib in Resources */ = {isa = PBXBuildFile; fileRef = EEB535962CD8A12100FDA96A /* ItemPriceView.xib */; };
		EEB535992CD8A13400FDA96A /* ItemPriceView.swift in Sources */ = {isa = PBXBuildFile; fileRef = EEB535982CD8A13400FDA96A /* ItemPriceView.swift */; };
/* End PBXBuildFile section */

/* Begin PBXFileReference section */
		EE1ADF0D2CD90C300011C288 /* ItemCategoryView.swift */ = {isa = PBXFileReference; lastKnownFileType = sourcecode.swift; path = ItemCategoryView.swift; sourceTree = "<group>"; };
		EE1ADF0F2CD90C3C0011C288 /* ItemCategoryView.xib */ = {isa = PBXFileReference; lastKnownFileType = file.xib; path = ItemCategoryView.xib; sourceTree = "<group>"; };
		EE1ADF112CD9B6300011C288 /* UIButton+Ext.swift */ = {isa = PBXFileReference; lastKnownFileType = sourcecode.swift; path = "UIButton+Ext.swift"; sourceTree = "<group>"; };
		EE1ADF172CD9F77D0011C288 /* KeyboardToolbar.swift */ = {isa = PBXFileReference; lastKnownFileType = sourcecode.swift; path = KeyboardToolbar.swift; sourceTree = "<group>"; };
		EE539C152CD8AE4D00F70CC0 /* DeliveryMethodView.xib */ = {isa = PBXFileReference; lastKnownFileType = file.xib; path = DeliveryMethodView.xib; sourceTree = "<group>"; };
		EE539C172CD8AE5300F70CC0 /* DeliveryMethodView.swift */ = {isa = PBXFileReference; lastKnownFileType = sourcecode.swift; path = DeliveryMethodView.swift; sourceTree = "<group>"; };
		EE539C1A2CD8B2D300F70CC0 /* AdditionalInfomationView.xib */ = {isa = PBXFileReference; lastKnownFileType = file.xib; path = AdditionalInfomationView.xib; sourceTree = "<group>"; };
		EE539C1C2CD8B2E700F70CC0 /* AdditionalInfomationView.swift */ = {isa = PBXFileReference; lastKnownFileType = sourcecode.swift; path = AdditionalInfomationView.swift; sourceTree = "<group>"; };
		EEB5356C2CD632EC00FDA96A /* Bunjang-CloneCoding.app */ = {isa = PBXFileReference; explicitFileType = wrapper.application; includeInIndex = 0; path = "Bunjang-CloneCoding.app"; sourceTree = BUILT_PRODUCTS_DIR; };
		EEB5356F2CD632EC00FDA96A /* AppDelegate.swift */ = {isa = PBXFileReference; lastKnownFileType = sourcecode.swift; path = AppDelegate.swift; sourceTree = "<group>"; };
		EEB535712CD632EC00FDA96A /* SceneDelegate.swift */ = {isa = PBXFileReference; lastKnownFileType = sourcecode.swift; path = SceneDelegate.swift; sourceTree = "<group>"; };
		EEB535732CD632EC00FDA96A /* ViewController.swift */ = {isa = PBXFileReference; lastKnownFileType = sourcecode.swift; path = ViewController.swift; sourceTree = "<group>"; };
		EEB535762CD632EC00FDA96A /* Base */ = {isa = PBXFileReference; lastKnownFileType = file.storyboard; name = Base; path = Base.lproj/Main.storyboard; sourceTree = "<group>"; };
		EEB535782CD632EE00FDA96A /* Assets.xcassets */ = {isa = PBXFileReference; lastKnownFileType = folder.assetcatalog; path = Assets.xcassets; sourceTree = "<group>"; };
		EEB5357B2CD632EE00FDA96A /* Base */ = {isa = PBXFileReference; lastKnownFileType = file.storyboard; name = Base; path = Base.lproj/LaunchScreen.storyboard; sourceTree = "<group>"; };
		EEB5357D2CD632EE00FDA96A /* Info.plist */ = {isa = PBXFileReference; lastKnownFileType = text.plist.xml; path = Info.plist; sourceTree = "<group>"; };
		EEB535832CD640AA00FDA96A /* ItemImageView.xib */ = {isa = PBXFileReference; lastKnownFileType = file.xib; path = ItemImageView.xib; sourceTree = "<group>"; };
		EEB535852CD640B400FDA96A /* ItemImageView.swift */ = {isa = PBXFileReference; lastKnownFileType = sourcecode.swift; path = ItemImageView.swift; sourceTree = "<group>"; };
		EEB5358B2CD6463500FDA96A /* CustomView.swift */ = {isa = PBXFileReference; lastKnownFileType = sourcecode.swift; path = CustomView.swift; sourceTree = "<group>"; };
		EEB5358E2CD66CE000FDA96A /* ItemInfomationView.xib */ = {isa = PBXFileReference; lastKnownFileType = file.xib; path = ItemInfomationView.xib; sourceTree = "<group>"; };
		EEB535902CD66CED00FDA96A /* ItemInfomationView.swift */ = {isa = PBXFileReference; lastKnownFileType = sourcecode.swift; path = ItemInfomationView.swift; sourceTree = "<group>"; };
		EEB535932CD6FE4200FDA96A /* UIView+Ext.swift */ = {isa = PBXFileReference; lastKnownFileType = sourcecode.swift; path = "UIView+Ext.swift"; sourceTree = "<group>"; };
		EEB535962CD8A12100FDA96A /* ItemPriceView.xib */ = {isa = PBXFileReference; lastKnownFileType = file.xib; path = ItemPriceView.xib; sourceTree = "<group>"; };
		EEB535982CD8A13400FDA96A /* ItemPriceView.swift */ = {isa = PBXFileReference; lastKnownFileType = sourcecode.swift; path = ItemPriceView.swift; sourceTree = "<group>"; };
/* End PBXFileReference section */

/* Begin PBXFrameworksBuildPhase section */
		EEB535692CD632EC00FDA96A /* Frameworks */ = {
			isa = PBXFrameworksBuildPhase;
			buildActionMask = 2147483647;
			files = (
			);
			runOnlyForDeploymentPostprocessing = 0;
		};
/* End PBXFrameworksBuildPhase section */

/* Begin PBXGroup section */
		EE1ADF132CD9BFCD0011C288 /* Extension */ = {
			isa = PBXGroup;
			children = (
				EEB535932CD6FE4200FDA96A /* UIView+Ext.swift */,
				EE1ADF112CD9B6300011C288 /* UIButton+Ext.swift */,
			);
			path = Extension;
			sourceTree = "<group>";
		};
		EE1ADF142CD9BFDE0011C288 /* PostMyItemScene */ = {
			isa = PBXGroup;
			children = (
				EEB535752CD632EC00FDA96A /* Main.storyboard */,
				EEB535732CD632EC00FDA96A /* ViewController.swift */,
				EEB5358D2CD66CAD00FDA96A /* ItemInfomationComponet */,
				EEB535952CD8A0F800FDA96A /* ItemPriceComponent */,
				EE539C142CD8ACB100F70CC0 /* DeliveryMethodComponent */,
				EE539C192CD8B2B600F70CC0 /* AdditionalInfomationComponent */,
			);
			path = PostMyItemScene;
			sourceTree = "<group>";
		};
		EE539C142CD8ACB100F70CC0 /* DeliveryMethodComponent */ = {
			isa = PBXGroup;
			children = (
				EE539C152CD8AE4D00F70CC0 /* DeliveryMethodView.xib */,
				EE539C172CD8AE5300F70CC0 /* DeliveryMethodView.swift */,
			);
			path = DeliveryMethodComponent;
			sourceTree = "<group>";
		};
		EE539C192CD8B2B600F70CC0 /* AdditionalInfomationComponent */ = {
			isa = PBXGroup;
			children = (
				EE539C1A2CD8B2D300F70CC0 /* AdditionalInfomationView.xib */,
				EE539C1C2CD8B2E700F70CC0 /* AdditionalInfomationView.swift */,
			);
			path = AdditionalInfomationComponent;
			sourceTree = "<group>";
		};
		EEB535632CD632EC00FDA96A = {
			isa = PBXGroup;
			children = (
				EEB5356E2CD632EC00FDA96A /* Bunjang-CloneCoding */,
				EEB5356D2CD632EC00FDA96A /* Products */,
			);
			sourceTree = "<group>";
		};
		EEB5356D2CD632EC00FDA96A /* Products */ = {
			isa = PBXGroup;
			children = (
				EEB5356C2CD632EC00FDA96A /* Bunjang-CloneCoding.app */,
			);
			name = Products;
			sourceTree = "<group>";
		};
		EEB5356E2CD632EC00FDA96A /* Bunjang-CloneCoding */ = {
			isa = PBXGroup;
			children = (
				EEB5356F2CD632EC00FDA96A /* AppDelegate.swift */,
				EEB535712CD632EC00FDA96A /* SceneDelegate.swift */,
				EEB5358B2CD6463500FDA96A /* CustomView.swift */,
				EE1ADF172CD9F77D0011C288 /* KeyboardToolbar.swift */,
				EE1ADF142CD9BFDE0011C288 /* PostMyItemScene */,
				EE1ADF132CD9BFCD0011C288 /* Extension */,
				EEB535782CD632EE00FDA96A /* Assets.xcassets */,
				EEB5357A2CD632EE00FDA96A /* LaunchScreen.storyboard */,
				EEB5357D2CD632EE00FDA96A /* Info.plist */,
			);
			path = "Bunjang-CloneCoding";
			sourceTree = "<group>";
		};
		EEB5358D2CD66CAD00FDA96A /* ItemInfomationComponet */ = {
			isa = PBXGroup;
			children = (
				EEB535832CD640AA00FDA96A /* ItemImageView.xib */,
				EEB535852CD640B400FDA96A /* ItemImageView.swift */,
				EE1ADF0F2CD90C3C0011C288 /* ItemCategoryView.xib */,
				EE1ADF0D2CD90C300011C288 /* ItemCategoryView.swift */,
				EEB5358E2CD66CE000FDA96A /* ItemInfomationView.xib */,
				EEB535902CD66CED00FDA96A /* ItemInfomationView.swift */,
			);
			path = ItemInfomationComponet;
			sourceTree = "<group>";
		};
		EEB535952CD8A0F800FDA96A /* ItemPriceComponent */ = {
			isa = PBXGroup;
			children = (
				EEB535962CD8A12100FDA96A /* ItemPriceView.xib */,
				EEB535982CD8A13400FDA96A /* ItemPriceView.swift */,
			);
			path = ItemPriceComponent;
			sourceTree = "<group>";
		};
/* End PBXGroup section */

/* Begin PBXNativeTarget section */
		EEB5356B2CD632EC00FDA96A /* Bunjang-CloneCoding */ = {
			isa = PBXNativeTarget;
			buildConfigurationList = EEB535802CD632EE00FDA96A /* Build configuration list for PBXNativeTarget "Bunjang-CloneCoding" */;
			buildPhases = (
				EEB535682CD632EC00FDA96A /* Sources */,
				EEB535692CD632EC00FDA96A /* Frameworks */,
				EEB5356A2CD632EC00FDA96A /* Resources */,
			);
			buildRules = (
			);
			dependencies = (
			);
			name = "Bunjang-CloneCoding";
			productName = "Bunjang-CloneCoding";
			productReference = EEB5356C2CD632EC00FDA96A /* Bunjang-CloneCoding.app */;
			productType = "com.apple.product-type.application";
		};
/* End PBXNativeTarget section */

/* Begin PBXProject section */
		EEB535642CD632EC00FDA96A /* Project object */ = {
			isa = PBXProject;
			attributes = {
				BuildIndependentTargetsInParallel = 1;
				LastSwiftUpdateCheck = 1540;
				LastUpgradeCheck = 1540;
				TargetAttributes = {
					EEB5356B2CD632EC00FDA96A = {
						CreatedOnToolsVersion = 15.4;
					};
				};
			};
			buildConfigurationList = EEB535672CD632EC00FDA96A /* Build configuration list for PBXProject "Bunjang-CloneCoding" */;
			compatibilityVersion = "Xcode 14.0";
			developmentRegion = en;
			hasScannedForEncodings = 0;
			knownRegions = (
				en,
				Base,
			);
			mainGroup = EEB535632CD632EC00FDA96A;
			productRefGroup = EEB5356D2CD632EC00FDA96A /* Products */;
			projectDirPath = "";
			projectRoot = "";
			targets = (
				EEB5356B2CD632EC00FDA96A /* Bunjang-CloneCoding */,
			);
		};
/* End PBXProject section */

/* Begin PBXResourcesBuildPhase section */
		EEB5356A2CD632EC00FDA96A /* Resources */ = {
			isa = PBXResourcesBuildPhase;
			buildActionMask = 2147483647;
			files = (
				EEB535792CD632EE00FDA96A /* Assets.xcassets in Resources */,
				EEB5357C2CD632EE00FDA96A /* Base in Resources */,
				EEB535972CD8A12100FDA96A /* ItemPriceView.xib in Resources */,
				EEB535772CD632EC00FDA96A /* Base in Resources */,
				EE539C162CD8AE4D00F70CC0 /* DeliveryMethodView.xib in Resources */,
				EE539C1B2CD8B2D300F70CC0 /* AdditionalInfomationView.xib in Resources */,
				EE1ADF102CD90C3C0011C288 /* ItemCategoryView.xib in Resources */,
				EEB5358F2CD66CE000FDA96A /* ItemInfomationView.xib in Resources */,
				EEB535842CD640AA00FDA96A /* ItemImageView.xib in Resources */,
			);
			runOnlyForDeploymentPostprocessing = 0;
		};
/* End PBXResourcesBuildPhase section */

/* Begin PBXSourcesBuildPhase section */
		EEB535682CD632EC00FDA96A /* Sources */ = {
			isa = PBXSourcesBuildPhase;
			buildActionMask = 2147483647;
			files = (
				EE1ADF0E2CD90C300011C288 /* ItemCategoryView.swift in Sources */,
				EEB535742CD632EC00FDA96A /* ViewController.swift in Sources */,
				EE539C1D2CD8B2E700F70CC0 /* AdditionalInfomationView.swift in Sources */,
				EEB535912CD66CED00FDA96A /* ItemInfomationView.swift in Sources */,
				EEB535702CD632EC00FDA96A /* AppDelegate.swift in Sources */,
				EEB535992CD8A13400FDA96A /* ItemPriceView.swift in Sources */,
				EEB5358C2CD6463500FDA96A /* CustomView.swift in Sources */,
				EEB535942CD6FE4200FDA96A /* UIView+Ext.swift in Sources */,
				EEB535722CD632EC00FDA96A /* SceneDelegate.swift in Sources */,
				EE539C182CD8AE5300F70CC0 /* DeliveryMethodView.swift in Sources */,
				EE1ADF182CD9F77D0011C288 /* KeyboardToolbar.swift in Sources */,
				EEB535862CD640B400FDA96A /* ItemImageView.swift in Sources */,
				EE1ADF122CD9B6300011C288 /* UIButton+Ext.swift in Sources */,
			);
			runOnlyForDeploymentPostprocessing = 0;
		};
/* End PBXSourcesBuildPhase section */

/* Begin PBXVariantGroup section */
		EEB535752CD632EC00FDA96A /* Main.storyboard */ = {
			isa = PBXVariantGroup;
			children = (
				EEB535762CD632EC00FDA96A /* Base */,
			);
			name = Main.storyboard;
			sourceTree = "<group>";
		};
		EEB5357A2CD632EE00FDA96A /* LaunchScreen.storyboard */ = {
			isa = PBXVariantGroup;
			children = (
				EEB5357B2CD632EE00FDA96A /* Base */,
			);
			name = LaunchScreen.storyboard;
			sourceTree = "<group>";
		};
/* End PBXVariantGroup section */

/* Begin XCBuildConfiguration section */
		EEB5357E2CD632EE00FDA96A /* Debug */ = {
			isa = XCBuildConfiguration;
			buildSettings = {
				ALWAYS_SEARCH_USER_PATHS = NO;
				ASSETCATALOG_COMPILER_GENERATE_SWIFT_ASSET_SYMBOL_EXTENSIONS = YES;
				CLANG_ANALYZER_NONNULL = YES;
				CLANG_ANALYZER_NUMBER_OBJECT_CONVERSION = YES_AGGRESSIVE;
				CLANG_CXX_LANGUAGE_STANDARD = "gnu++20";
				CLANG_ENABLE_MODULES = YES;
				CLANG_ENABLE_OBJC_ARC = YES;
				CLANG_ENABLE_OBJC_WEAK = YES;
				CLANG_WARN_BLOCK_CAPTURE_AUTORELEASING = YES;
				CLANG_WARN_BOOL_CONVERSION = YES;
				CLANG_WARN_COMMA = YES;
				CLANG_WARN_CONSTANT_CONVERSION = YES;
				CLANG_WARN_DEPRECATED_OBJC_IMPLEMENTATIONS = YES;
				CLANG_WARN_DIRECT_OBJC_ISA_USAGE = YES_ERROR;
				CLANG_WARN_DOCUMENTATION_COMMENTS = YES;
				CLANG_WARN_EMPTY_BODY = YES;
				CLANG_WARN_ENUM_CONVERSION = YES;
				CLANG_WARN_INFINITE_RECURSION = YES;
				CLANG_WARN_INT_CONVERSION = YES;
				CLANG_WARN_NON_LITERAL_NULL_CONVERSION = YES;
				CLANG_WARN_OBJC_IMPLICIT_RETAIN_SELF = YES;
				CLANG_WARN_OBJC_LITERAL_CONVERSION = YES;
				CLANG_WARN_OBJC_ROOT_CLASS = YES_ERROR;
				CLANG_WARN_QUOTED_INCLUDE_IN_FRAMEWORK_HEADER = YES;
				CLANG_WARN_RANGE_LOOP_ANALYSIS = YES;
				CLANG_WARN_STRICT_PROTOTYPES = YES;
				CLANG_WARN_SUSPICIOUS_MOVE = YES;
				CLANG_WARN_UNGUARDED_AVAILABILITY = YES_AGGRESSIVE;
				CLANG_WARN_UNREACHABLE_CODE = YES;
				CLANG_WARN__DUPLICATE_METHOD_MATCH = YES;
				COPY_PHASE_STRIP = NO;
				DEBUG_INFORMATION_FORMAT = dwarf;
				ENABLE_STRICT_OBJC_MSGSEND = YES;
				ENABLE_TESTABILITY = YES;
				ENABLE_USER_SCRIPT_SANDBOXING = YES;
				GCC_C_LANGUAGE_STANDARD = gnu17;
				GCC_DYNAMIC_NO_PIC = NO;
				GCC_NO_COMMON_BLOCKS = YES;
				GCC_OPTIMIZATION_LEVEL = 0;
				GCC_PREPROCESSOR_DEFINITIONS = (
					"DEBUG=1",
					"$(inherited)",
				);
				GCC_WARN_64_TO_32_BIT_CONVERSION = YES;
				GCC_WARN_ABOUT_RETURN_TYPE = YES_ERROR;
				GCC_WARN_UNDECLARED_SELECTOR = YES;
				GCC_WARN_UNINITIALIZED_AUTOS = YES_AGGRESSIVE;
				GCC_WARN_UNUSED_FUNCTION = YES;
				GCC_WARN_UNUSED_VARIABLE = YES;
				IPHONEOS_DEPLOYMENT_TARGET = 17.5;
				LOCALIZATION_PREFERS_STRING_CATALOGS = YES;
				MTL_ENABLE_DEBUG_INFO = INCLUDE_SOURCE;
				MTL_FAST_MATH = YES;
				ONLY_ACTIVE_ARCH = YES;
				SDKROOT = iphoneos;
				SWIFT_ACTIVE_COMPILATION_CONDITIONS = "DEBUG $(inherited)";
				SWIFT_OPTIMIZATION_LEVEL = "-Onone";
			};
			name = Debug;
		};
		EEB5357F2CD632EE00FDA96A /* Release */ = {
			isa = XCBuildConfiguration;
			buildSettings = {
				ALWAYS_SEARCH_USER_PATHS = NO;
				ASSETCATALOG_COMPILER_GENERATE_SWIFT_ASSET_SYMBOL_EXTENSIONS = YES;
				CLANG_ANALYZER_NONNULL = YES;
				CLANG_ANALYZER_NUMBER_OBJECT_CONVERSION = YES_AGGRESSIVE;
				CLANG_CXX_LANGUAGE_STANDARD = "gnu++20";
				CLANG_ENABLE_MODULES = YES;
				CLANG_ENABLE_OBJC_ARC = YES;
				CLANG_ENABLE_OBJC_WEAK = YES;
				CLANG_WARN_BLOCK_CAPTURE_AUTORELEASING = YES;
				CLANG_WARN_BOOL_CONVERSION = YES;
				CLANG_WARN_COMMA = YES;
				CLANG_WARN_CONSTANT_CONVERSION = YES;
				CLANG_WARN_DEPRECATED_OBJC_IMPLEMENTATIONS = YES;
				CLANG_WARN_DIRECT_OBJC_ISA_USAGE = YES_ERROR;
				CLANG_WARN_DOCUMENTATION_COMMENTS = YES;
				CLANG_WARN_EMPTY_BODY = YES;
				CLANG_WARN_ENUM_CONVERSION = YES;
				CLANG_WARN_INFINITE_RECURSION = YES;
				CLANG_WARN_INT_CONVERSION = YES;
				CLANG_WARN_NON_LITERAL_NULL_CONVERSION = YES;
				CLANG_WARN_OBJC_IMPLICIT_RETAIN_SELF = YES;
				CLANG_WARN_OBJC_LITERAL_CONVERSION = YES;
				CLANG_WARN_OBJC_ROOT_CLASS = YES_ERROR;
				CLANG_WARN_QUOTED_INCLUDE_IN_FRAMEWORK_HEADER = YES;
				CLANG_WARN_RANGE_LOOP_ANALYSIS = YES;
				CLANG_WARN_STRICT_PROTOTYPES = YES;
				CLANG_WARN_SUSPICIOUS_MOVE = YES;
				CLANG_WARN_UNGUARDED_AVAILABILITY = YES_AGGRESSIVE;
				CLANG_WARN_UNREACHABLE_CODE = YES;
				CLANG_WARN__DUPLICATE_METHOD_MATCH = YES;
				COPY_PHASE_STRIP = NO;
				DEBUG_INFORMATION_FORMAT = "dwarf-with-dsym";
				ENABLE_NS_ASSERTIONS = NO;
				ENABLE_STRICT_OBJC_MSGSEND = YES;
				ENABLE_USER_SCRIPT_SANDBOXING = YES;
				GCC_C_LANGUAGE_STANDARD = gnu17;
				GCC_NO_COMMON_BLOCKS = YES;
				GCC_WARN_64_TO_32_BIT_CONVERSION = YES;
				GCC_WARN_ABOUT_RETURN_TYPE = YES_ERROR;
				GCC_WARN_UNDECLARED_SELECTOR = YES;
				GCC_WARN_UNINITIALIZED_AUTOS = YES_AGGRESSIVE;
				GCC_WARN_UNUSED_FUNCTION = YES;
				GCC_WARN_UNUSED_VARIABLE = YES;
				IPHONEOS_DEPLOYMENT_TARGET = 17.5;
				LOCALIZATION_PREFERS_STRING_CATALOGS = YES;
				MTL_ENABLE_DEBUG_INFO = NO;
				MTL_FAST_MATH = YES;
				SDKROOT = iphoneos;
				SWIFT_COMPILATION_MODE = wholemodule;
				VALIDATE_PRODUCT = YES;
			};
			name = Release;
		};
		EEB535812CD632EE00FDA96A /* Debug */ = {
			isa = XCBuildConfiguration;
			buildSettings = {
				ASSETCATALOG_COMPILER_APPICON_NAME = AppIcon;
				ASSETCATALOG_COMPILER_GLOBAL_ACCENT_COLOR_NAME = AccentColor;
				CODE_SIGN_STYLE = Automatic;
				CURRENT_PROJECT_VERSION = 1;
				GENERATE_INFOPLIST_FILE = YES;
				INFOPLIST_FILE = "Bunjang-CloneCoding/Info.plist";
				INFOPLIST_KEY_UIApplicationSupportsIndirectInputEvents = YES;
				INFOPLIST_KEY_UILaunchStoryboardName = LaunchScreen;
				INFOPLIST_KEY_UIMainStoryboardFile = Main;
				INFOPLIST_KEY_UISupportedInterfaceOrientations_iPad = "UIInterfaceOrientationPortrait UIInterfaceOrientationPortraitUpsideDown UIInterfaceOrientationLandscapeLeft UIInterfaceOrientationLandscapeRight";
				INFOPLIST_KEY_UISupportedInterfaceOrientations_iPhone = "UIInterfaceOrientationPortrait UIInterfaceOrientationLandscapeLeft UIInterfaceOrientationLandscapeRight";
				LD_RUNPATH_SEARCH_PATHS = (
					"$(inherited)",
					"@executable_path/Frameworks",
				);
				MARKETING_VERSION = 1.0;
				PRODUCT_BUNDLE_IDENTIFIER = "com.yongheon.Bunjang-CloneCoding";
				PRODUCT_NAME = "$(TARGET_NAME)";
				SWIFT_EMIT_LOC_STRINGS = YES;
				SWIFT_VERSION = 5.0;
				TARGETED_DEVICE_FAMILY = "1,2";
			};
			name = Debug;
		};
		EEB535822CD632EE00FDA96A /* Release */ = {
			isa = XCBuildConfiguration;
			buildSettings = {
				ASSETCATALOG_COMPILER_APPICON_NAME = AppIcon;
				ASSETCATALOG_COMPILER_GLOBAL_ACCENT_COLOR_NAME = AccentColor;
				CODE_SIGN_STYLE = Automatic;
				CURRENT_PROJECT_VERSION = 1;
				GENERATE_INFOPLIST_FILE = YES;
				INFOPLIST_FILE = "Bunjang-CloneCoding/Info.plist";
				INFOPLIST_KEY_UIApplicationSupportsIndirectInputEvents = YES;
				INFOPLIST_KEY_UILaunchStoryboardName = LaunchScreen;
				INFOPLIST_KEY_UIMainStoryboardFile = Main;
				INFOPLIST_KEY_UISupportedInterfaceOrientations_iPad = "UIInterfaceOrientationPortrait UIInterfaceOrientationPortraitUpsideDown UIInterfaceOrientationLandscapeLeft UIInterfaceOrientationLandscapeRight";
				INFOPLIST_KEY_UISupportedInterfaceOrientations_iPhone = "UIInterfaceOrientationPortrait UIInterfaceOrientationLandscapeLeft UIInterfaceOrientationLandscapeRight";
				LD_RUNPATH_SEARCH_PATHS = (
					"$(inherited)",
					"@executable_path/Frameworks",
				);
				MARKETING_VERSION = 1.0;
				PRODUCT_BUNDLE_IDENTIFIER = "com.yongheon.Bunjang-CloneCoding";
				PRODUCT_NAME = "$(TARGET_NAME)";
				SWIFT_EMIT_LOC_STRINGS = YES;
				SWIFT_VERSION = 5.0;
				TARGETED_DEVICE_FAMILY = "1,2";
			};
			name = Release;
		};
/* End XCBuildConfiguration section */

/* Begin XCConfigurationList section */
		EEB535672CD632EC00FDA96A /* Build configuration list for PBXProject "Bunjang-CloneCoding" */ = {
			isa = XCConfigurationList;
			buildConfigurations = (
				EEB5357E2CD632EE00FDA96A /* Debug */,
				EEB5357F2CD632EE00FDA96A /* Release */,
			);
			defaultConfigurationIsVisible = 0;
			defaultConfigurationName = Release;
		};
		EEB535802CD632EE00FDA96A /* Build configuration list for PBXNativeTarget "Bunjang-CloneCoding" */ = {
			isa = XCConfigurationList;
			buildConfigurations = (
				EEB535812CD632EE00FDA96A /* Debug */,
				EEB535822CD632EE00FDA96A /* Release */,
			);
			defaultConfigurationIsVisible = 0;
			defaultConfigurationName = Release;
		};
/* End XCConfigurationList section */
	};
	rootObject = EEB535642CD632EC00FDA96A /* Project object */;
}
