// !$*UTF8*$!
{
	archiveVersion = 1;
	classes = {
	};
	objectVersion = 56;
	objects = {

/* Begin PBXBuildFile section */
		EE06700A2D116D0F0071AD7D /* AppDelegate.swift in Sources */ = {isa = PBXBuildFile; fileRef = EE0670092D116D0F0071AD7D /* AppDelegate.swift */; };
		EE06700C2D116D0F0071AD7D /* SceneDelegate.swift in Sources */ = {isa = PBXBuildFile; fileRef = EE06700B2D116D0F0071AD7D /* SceneDelegate.swift */; };
		EE06700E2D116D0F0071AD7D /* ViewController.swift in Sources */ = {isa = PBXBuildFile; fileRef = EE06700D2D116D0F0071AD7D /* ViewController.swift */; };
		EE0670112D116D0F0071AD7D /* Base in Resources */ = {isa = PBXBuildFile; fileRef = EE0670102D116D0F0071AD7D /* Base */; };
		EE0670132D116D110071AD7D /* Assets.xcassets in Resources */ = {isa = PBXBuildFile; fileRef = EE0670122D116D110071AD7D /* Assets.xcassets */; };
		EE0670162D116D110071AD7D /* Base in Resources */ = {isa = PBXBuildFile; fileRef = EE0670152D116D110071AD7D /* Base */; };
		EE0670212D116DC40071AD7D /* CafeDetailVC.swift in Sources */ = {isa = PBXBuildFile; fileRef = EE06701F2D116DC40071AD7D /* CafeDetailVC.swift */; };
		EE0670242D116DDC0071AD7D /* CafeDetailVC.storyboard in Resources */ = {isa = PBXBuildFile; fileRef = EE0670232D116DDC0071AD7D /* CafeDetailVC.storyboard */; };
		EE0670262D116E020071AD7D /* CafePostCell.swift in Sources */ = {isa = PBXBuildFile; fileRef = EE0670252D116E020071AD7D /* CafePostCell.swift */; };
		EE0670282D116E0B0071AD7D /* CafePostCell.xib in Resources */ = {isa = PBXBuildFile; fileRef = EE0670272D116E0B0071AD7D /* CafePostCell.xib */; };
		EE06702A2D12650C0071AD7D /* DummyData.swift in Sources */ = {isa = PBXBuildFile; fileRef = EE0670292D12650C0071AD7D /* DummyData.swift */; };
		EE06702D2D1265CB0071AD7D /* Fakery in Frameworks */ = {isa = PBXBuildFile; productRef = EE06702C2D1265CB0071AD7D /* Fakery */; };
		EE0670362D12A1BE0071AD7D /* Storyboarded.swift in Sources */ = {isa = PBXBuildFile; fileRef = EE0670352D12A1BE0071AD7D /* Storyboarded.swift */; };
		EE0670382D12A1E60071AD7D /* CommentDetailVC.swift in Sources */ = {isa = PBXBuildFile; fileRef = EE0670372D12A1E60071AD7D /* CommentDetailVC.swift */; };
		EE06703A2D12A3B40071AD7D /* PostDetailVC.swift in Sources */ = {isa = PBXBuildFile; fileRef = EE0670392D12A3B40071AD7D /* PostDetailVC.swift */; };
		EE0670652D1952080071AD7D /* SearchResultVC.swift in Sources */ = {isa = PBXBuildFile; fileRef = EE0670642D1952080071AD7D /* SearchResultVC.swift */; };
		EE0670672D1952270071AD7D /* SearchResultVC.storyboard in Resources */ = {isa = PBXBuildFile; fileRef = EE0670662D1952270071AD7D /* SearchResultVC.storyboard */; };
		EE0670692D19575A0071AD7D /* SearchResultCell.xib in Resources */ = {isa = PBXBuildFile; fileRef = EE0670682D1957590071AD7D /* SearchResultCell.xib */; };
		EE06706B2D19576A0071AD7D /* SearchResultCell.swift in Sources */ = {isa = PBXBuildFile; fileRef = EE06706A2D19576A0071AD7D /* SearchResultCell.swift */; };
		EE6894782D22DFF2001B2F7A /* UICollectionView+Ext.swift in Sources */ = {isa = PBXBuildFile; fileRef = EE6894772D22DFF2001B2F7A /* UICollectionView+Ext.swift */; };
		EED7619D2D1C0B6200D20AF6 /* CustomFooterView.swift in Sources */ = {isa = PBXBuildFile; fileRef = EED7619C2D1C0B6200D20AF6 /* CustomFooterView.swift */; };
/* End PBXBuildFile section */

/* Begin PBXFileReference section */
		EE0670062D116D0F0071AD7D /* week-10.app */ = {isa = PBXFileReference; explicitFileType = wrapper.application; includeInIndex = 0; path = "week-10.app"; sourceTree = BUILT_PRODUCTS_DIR; };
		EE0670092D116D0F0071AD7D /* AppDelegate.swift */ = {isa = PBXFileReference; lastKnownFileType = sourcecode.swift; path = AppDelegate.swift; sourceTree = "<group>"; };
		EE06700B2D116D0F0071AD7D /* SceneDelegate.swift */ = {isa = PBXFileReference; lastKnownFileType = sourcecode.swift; path = SceneDelegate.swift; sourceTree = "<group>"; };
		EE06700D2D116D0F0071AD7D /* ViewController.swift */ = {isa = PBXFileReference; lastKnownFileType = sourcecode.swift; path = ViewController.swift; sourceTree = "<group>"; };
		EE0670102D116D0F0071AD7D /* Base */ = {isa = PBXFileReference; lastKnownFileType = file.storyboard; name = Base; path = Base.lproj/Main.storyboard; sourceTree = "<group>"; };
		EE0670122D116D110071AD7D /* Assets.xcassets */ = {isa = PBXFileReference; lastKnownFileType = folder.assetcatalog; path = Assets.xcassets; sourceTree = "<group>"; };
		EE0670152D116D110071AD7D /* Base */ = {isa = PBXFileReference; lastKnownFileType = file.storyboard; name = Base; path = Base.lproj/LaunchScreen.storyboard; sourceTree = "<group>"; };
		EE0670172D116D110071AD7D /* Info.plist */ = {isa = PBXFileReference; lastKnownFileType = text.plist.xml; path = Info.plist; sourceTree = "<group>"; };
		EE06701F2D116DC40071AD7D /* CafeDetailVC.swift */ = {isa = PBXFileReference; lastKnownFileType = sourcecode.swift; path = CafeDetailVC.swift; sourceTree = "<group>"; };
		EE0670232D116DDC0071AD7D /* CafeDetailVC.storyboard */ = {isa = PBXFileReference; lastKnownFileType = file.storyboard; path = CafeDetailVC.storyboard; sourceTree = "<group>"; };
		EE0670252D116E020071AD7D /* CafePostCell.swift */ = {isa = PBXFileReference; lastKnownFileType = sourcecode.swift; path = CafePostCell.swift; sourceTree = "<group>"; };
		EE0670272D116E0B0071AD7D /* CafePostCell.xib */ = {isa = PBXFileReference; lastKnownFileType = file.xib; path = CafePostCell.xib; sourceTree = "<group>"; };
		EE0670292D12650C0071AD7D /* DummyData.swift */ = {isa = PBXFileReference; lastKnownFileType = sourcecode.swift; path = DummyData.swift; sourceTree = "<group>"; };
		EE0670352D12A1BE0071AD7D /* Storyboarded.swift */ = {isa = PBXFileReference; lastKnownFileType = sourcecode.swift; path = Storyboarded.swift; sourceTree = "<group>"; };
		EE0670372D12A1E60071AD7D /* CommentDetailVC.swift */ = {isa = PBXFileReference; lastKnownFileType = sourcecode.swift; path = CommentDetailVC.swift; sourceTree = "<group>"; };
		EE0670392D12A3B40071AD7D /* PostDetailVC.swift */ = {isa = PBXFileReference; lastKnownFileType = sourcecode.swift; path = PostDetailVC.swift; sourceTree = "<group>"; };
		EE0670642D1952080071AD7D /* SearchResultVC.swift */ = {isa = PBXFileReference; lastKnownFileType = sourcecode.swift; path = SearchResultVC.swift; sourceTree = "<group>"; };
		EE0670662D1952270071AD7D /* SearchResultVC.storyboard */ = {isa = PBXFileReference; lastKnownFileType = file.storyboard; path = SearchResultVC.storyboard; sourceTree = "<group>"; };
		EE0670682D1957590071AD7D /* SearchResultCell.xib */ = {isa = PBXFileReference; lastKnownFileType = file.xib; path = SearchResultCell.xib; sourceTree = "<group>"; };
		EE06706A2D19576A0071AD7D /* SearchResultCell.swift */ = {isa = PBXFileReference; lastKnownFileType = sourcecode.swift; path = SearchResultCell.swift; sourceTree = "<group>"; };
		EE6894772D22DFF2001B2F7A /* UICollectionView+Ext.swift */ = {isa = PBXFileReference; lastKnownFileType = sourcecode.swift; path = "UICollectionView+Ext.swift"; sourceTree = "<group>"; };
		EED7619C2D1C0B6200D20AF6 /* CustomFooterView.swift */ = {isa = PBXFileReference; lastKnownFileType = sourcecode.swift; path = CustomFooterView.swift; sourceTree = "<group>"; };
/* End PBXFileReference section */

/* Begin PBXFrameworksBuildPhase section */
		EE0670032D116D0F0071AD7D /* Frameworks */ = {
			isa = PBXFrameworksBuildPhase;
			buildActionMask = 2147483647;
			files = (
				EE06702D2D1265CB0071AD7D /* Fakery in Frameworks */,
			);
			runOnlyForDeploymentPostprocessing = 0;
		};
/* End PBXFrameworksBuildPhase section */

/* Begin PBXGroup section */
		EE066FFD2D116D0F0071AD7D = {
			isa = PBXGroup;
			children = (
				EE0670082D116D0F0071AD7D /* week-10 */,
				EE0670072D116D0F0071AD7D /* Products */,
			);
			sourceTree = "<group>";
		};
		EE0670072D116D0F0071AD7D /* Products */ = {
			isa = PBXGroup;
			children = (
				EE0670062D116D0F0071AD7D /* week-10.app */,
			);
			name = Products;
			sourceTree = "<group>";
		};
		EE0670082D116D0F0071AD7D /* week-10 */ = {
			isa = PBXGroup;
			children = (
				EE0670092D116D0F0071AD7D /* AppDelegate.swift */,
				EE06700B2D116D0F0071AD7D /* SceneDelegate.swift */,
				EE06700D2D116D0F0071AD7D /* ViewController.swift */,
				EE0670352D12A1BE0071AD7D /* Storyboarded.swift */,
				EE0670292D12650C0071AD7D /* DummyData.swift */,
				EE6894772D22DFF2001B2F7A /* UICollectionView+Ext.swift */,
				EE06700F2D116D0F0071AD7D /* Main.storyboard */,
				EE06702E2D12798A0071AD7D /* CafeDetailScene */,
				EE0670632D1951E40071AD7D /* 29CM */,
				EE0670122D116D110071AD7D /* Assets.xcassets */,
				EE0670142D116D110071AD7D /* LaunchScreen.storyboard */,
				EE0670172D116D110071AD7D /* Info.plist */,
			);
			path = "week-10";
			sourceTree = "<group>";
		};
		EE06702E2D12798A0071AD7D /* CafeDetailScene */ = {
			isa = PBXGroup;
			children = (
				EE06701F2D116DC40071AD7D /* CafeDetailVC.swift */,
				EE0670232D116DDC0071AD7D /* CafeDetailVC.storyboard */,
				EE0670252D116E020071AD7D /* CafePostCell.swift */,
				EE0670272D116E0B0071AD7D /* CafePostCell.xib */,
				EE0670372D12A1E60071AD7D /* CommentDetailVC.swift */,
				EE0670392D12A3B40071AD7D /* PostDetailVC.swift */,
			);
			path = CafeDetailScene;
			sourceTree = "<group>";
		};
		EE0670632D1951E40071AD7D /* 29CM */ = {
			isa = PBXGroup;
			children = (
				EE0670642D1952080071AD7D /* SearchResultVC.swift */,
				EED7619C2D1C0B6200D20AF6 /* CustomFooterView.swift */,
				EE0670662D1952270071AD7D /* SearchResultVC.storyboard */,
				EE06706A2D19576A0071AD7D /* SearchResultCell.swift */,
				EE0670682D1957590071AD7D /* SearchResultCell.xib */,
			);
			path = 29CM;
			sourceTree = "<group>";
		};
/* End PBXGroup section */

/* Begin PBXNativeTarget section */
		EE0670052D116D0F0071AD7D /* week-10 */ = {
			isa = PBXNativeTarget;
			buildConfigurationList = EE06701A2D116D110071AD7D /* Build configuration list for PBXNativeTarget "week-10" */;
			buildPhases = (
				EE0670022D116D0F0071AD7D /* Sources */,
				EE0670032D116D0F0071AD7D /* Frameworks */,
				EE0670042D116D0F0071AD7D /* Resources */,
			);
			buildRules = (
			);
			dependencies = (
			);
			name = "week-10";
			packageProductDependencies = (
				EE06702C2D1265CB0071AD7D /* Fakery */,
			);
			productName = "week-10";
			productReference = EE0670062D116D0F0071AD7D /* week-10.app */;
			productType = "com.apple.product-type.application";
		};
/* End PBXNativeTarget section */

/* Begin PBXProject section */
		EE066FFE2D116D0F0071AD7D /* Project object */ = {
			isa = PBXProject;
			attributes = {
				BuildIndependentTargetsInParallel = 1;
				LastSwiftUpdateCheck = 1540;
				LastUpgradeCheck = 1540;
				TargetAttributes = {
					EE0670052D116D0F0071AD7D = {
						CreatedOnToolsVersion = 15.4;
					};
				};
			};
			buildConfigurationList = EE0670012D116D0F0071AD7D /* Build configuration list for PBXProject "week-10" */;
			compatibilityVersion = "Xcode 14.0";
			developmentRegion = en;
			hasScannedForEncodings = 0;
			knownRegions = (
				en,
				Base,
			);
			mainGroup = EE066FFD2D116D0F0071AD7D;
			packageReferences = (
				EE06702B2D1265CB0071AD7D /* XCRemoteSwiftPackageReference "Fakery" */,
			);
			productRefGroup = EE0670072D116D0F0071AD7D /* Products */;
			projectDirPath = "";
			projectRoot = "";
			targets = (
				EE0670052D116D0F0071AD7D /* week-10 */,
			);
		};
/* End PBXProject section */

/* Begin PBXResourcesBuildPhase section */
		EE0670042D116D0F0071AD7D /* Resources */ = {
			isa = PBXResourcesBuildPhase;
			buildActionMask = 2147483647;
			files = (
				EE0670132D116D110071AD7D /* Assets.xcassets in Resources */,
				EE0670242D116DDC0071AD7D /* CafeDetailVC.storyboard in Resources */,
				EE0670672D1952270071AD7D /* SearchResultVC.storyboard in Resources */,
				EE0670282D116E0B0071AD7D /* CafePostCell.xib in Resources */,
				EE0670162D116D110071AD7D /* Base in Resources */,
				EE0670112D116D0F0071AD7D /* Base in Resources */,
				EE0670692D19575A0071AD7D /* SearchResultCell.xib in Resources */,
			);
			runOnlyForDeploymentPostprocessing = 0;
		};
/* End PBXResourcesBuildPhase section */

/* Begin PBXSourcesBuildPhase section */
		EE0670022D116D0F0071AD7D /* Sources */ = {
			isa = PBXSourcesBuildPhase;
			buildActionMask = 2147483647;
			files = (
				EE06702A2D12650C0071AD7D /* DummyData.swift in Sources */,
				EE06703A2D12A3B40071AD7D /* PostDetailVC.swift in Sources */,
				EE0670212D116DC40071AD7D /* CafeDetailVC.swift in Sources */,
				EE06700E2D116D0F0071AD7D /* ViewController.swift in Sources */,
				EE06700A2D116D0F0071AD7D /* AppDelegate.swift in Sources */,
				EE0670262D116E020071AD7D /* CafePostCell.swift in Sources */,
				EED7619D2D1C0B6200D20AF6 /* CustomFooterView.swift in Sources */,
				EE06700C2D116D0F0071AD7D /* SceneDelegate.swift in Sources */,
				EE0670362D12A1BE0071AD7D /* Storyboarded.swift in Sources */,
				EE0670382D12A1E60071AD7D /* CommentDetailVC.swift in Sources */,
				EE06706B2D19576A0071AD7D /* SearchResultCell.swift in Sources */,
				EE6894782D22DFF2001B2F7A /* UICollectionView+Ext.swift in Sources */,
				EE0670652D1952080071AD7D /* SearchResultVC.swift in Sources */,
			);
			runOnlyForDeploymentPostprocessing = 0;
		};
/* End PBXSourcesBuildPhase section */

/* Begin PBXVariantGroup section */
		EE06700F2D116D0F0071AD7D /* Main.storyboard */ = {
			isa = PBXVariantGroup;
			children = (
				EE0670102D116D0F0071AD7D /* Base */,
			);
			name = Main.storyboard;
			sourceTree = "<group>";
		};
		EE0670142D116D110071AD7D /* LaunchScreen.storyboard */ = {
			isa = PBXVariantGroup;
			children = (
				EE0670152D116D110071AD7D /* Base */,
			);
			name = LaunchScreen.storyboard;
			sourceTree = "<group>";
		};
/* End PBXVariantGroup section */

/* Begin XCBuildConfiguration section */
		EE0670182D116D110071AD7D /* Debug */ = {
			isa = XCBuildConfiguration;
			buildSettings = {
				ALWAYS_SEARCH_USER_PATHS = NO;
				ASSETCATALOG_COMPILER_GENERATE_SWIFT_ASSET_SYMBOL_EXTENSIONS = YES;
				CLANG_ANALYZER_NONNULL = YES;
				CLANG_ANALYZER_NUMBER_OBJECT_CONVERSION = YES_AGGRESSIVE;
				CLANG_CXX_LANGUAGE_STANDARD = "gnu++20";
				CLANG_ENABLE_MODULES = YES;
				CLANG_ENABLE_OBJC_ARC = YES;
				CLANG_ENABLE_OBJC_WEAK = YES;
				CLANG_WARN_BLOCK_CAPTURE_AUTORELEASING = YES;
				CLANG_WARN_BOOL_CONVERSION = YES;
				CLANG_WARN_COMMA = YES;
				CLANG_WARN_CONSTANT_CONVERSION = YES;
				CLANG_WARN_DEPRECATED_OBJC_IMPLEMENTATIONS = YES;
				CLANG_WARN_DIRECT_OBJC_ISA_USAGE = YES_ERROR;
				CLANG_WARN_DOCUMENTATION_COMMENTS = YES;
				CLANG_WARN_EMPTY_BODY = YES;
				CLANG_WARN_ENUM_CONVERSION = YES;
				CLANG_WARN_INFINITE_RECURSION = YES;
				CLANG_WARN_INT_CONVERSION = YES;
				CLANG_WARN_NON_LITERAL_NULL_CONVERSION = YES;
				CLANG_WARN_OBJC_IMPLICIT_RETAIN_SELF = YES;
				CLANG_WARN_OBJC_LITERAL_CONVERSION = YES;
				CLANG_WARN_OBJC_ROOT_CLASS = YES_ERROR;
				CLANG_WARN_QUOTED_INCLUDE_IN_FRAMEWORK_HEADER = YES;
				CLANG_WARN_RANGE_LOOP_ANALYSIS = YES;
				CLANG_WARN_STRICT_PROTOTYPES = YES;
				CLANG_WARN_SUSPICIOUS_MOVE = YES;
				CLANG_WARN_UNGUARDED_AVAILABILITY = YES_AGGRESSIVE;
				CLANG_WARN_UNREACHABLE_CODE = YES;
				CLANG_WARN__DUPLICATE_METHOD_MATCH = YES;
				COPY_PHASE_STRIP = NO;
				DEBUG_INFORMATION_FORMAT = dwarf;
				ENABLE_STRICT_OBJC_MSGSEND = YES;
				ENABLE_TESTABILITY = YES;
				ENABLE_USER_SCRIPT_SANDBOXING = YES;
				GCC_C_LANGUAGE_STANDARD = gnu17;
				GCC_DYNAMIC_NO_PIC = NO;
				GCC_NO_COMMON_BLOCKS = YES;
				GCC_OPTIMIZATION_LEVEL = 0;
				GCC_PREPROCESSOR_DEFINITIONS = (
					"DEBUG=1",
					"$(inherited)",
				);
				GCC_WARN_64_TO_32_BIT_CONVERSION = YES;
				GCC_WARN_ABOUT_RETURN_TYPE = YES_ERROR;
				GCC_WARN_UNDECLARED_SELECTOR = YES;
				GCC_WARN_UNINITIALIZED_AUTOS = YES_AGGRESSIVE;
				GCC_WARN_UNUSED_FUNCTION = YES;
				GCC_WARN_UNUSED_VARIABLE = YES;
				IPHONEOS_DEPLOYMENT_TARGET = 17.5;
				LOCALIZATION_PREFERS_STRING_CATALOGS = YES;
				MTL_ENABLE_DEBUG_INFO = INCLUDE_SOURCE;
				MTL_FAST_MATH = YES;
				ONLY_ACTIVE_ARCH = YES;
				SDKROOT = iphoneos;
				SWIFT_ACTIVE_COMPILATION_CONDITIONS = "DEBUG $(inherited)";
				SWIFT_OPTIMIZATION_LEVEL = "-Onone";
			};
			name = Debug;
		};
		EE0670192D116D110071AD7D /* Release */ = {
			isa = XCBuildConfiguration;
			buildSettings = {
				ALWAYS_SEARCH_USER_PATHS = NO;
				ASSETCATALOG_COMPILER_GENERATE_SWIFT_ASSET_SYMBOL_EXTENSIONS = YES;
				CLANG_ANALYZER_NONNULL = YES;
				CLANG_ANALYZER_NUMBER_OBJECT_CONVERSION = YES_AGGRESSIVE;
				CLANG_CXX_LANGUAGE_STANDARD = "gnu++20";
				CLANG_ENABLE_MODULES = YES;
				CLANG_ENABLE_OBJC_ARC = YES;
				CLANG_ENABLE_OBJC_WEAK = YES;
				CLANG_WARN_BLOCK_CAPTURE_AUTORELEASING = YES;
				CLANG_WARN_BOOL_CONVERSION = YES;
				CLANG_WARN_COMMA = YES;
				CLANG_WARN_CONSTANT_CONVERSION = YES;
				CLANG_WARN_DEPRECATED_OBJC_IMPLEMENTATIONS = YES;
				CLANG_WARN_DIRECT_OBJC_ISA_USAGE = YES_ERROR;
				CLANG_WARN_DOCUMENTATION_COMMENTS = YES;
				CLANG_WARN_EMPTY_BODY = YES;
				CLANG_WARN_ENUM_CONVERSION = YES;
				CLANG_WARN_INFINITE_RECURSION = YES;
				CLANG_WARN_INT_CONVERSION = YES;
				CLANG_WARN_NON_LITERAL_NULL_CONVERSION = YES;
				CLANG_WARN_OBJC_IMPLICIT_RETAIN_SELF = YES;
				CLANG_WARN_OBJC_LITERAL_CONVERSION = YES;
				CLANG_WARN_OBJC_ROOT_CLASS = YES_ERROR;
				CLANG_WARN_QUOTED_INCLUDE_IN_FRAMEWORK_HEADER = YES;
				CLANG_WARN_RANGE_LOOP_ANALYSIS = YES;
				CLANG_WARN_STRICT_PROTOTYPES = YES;
				CLANG_WARN_SUSPICIOUS_MOVE = YES;
				CLANG_WARN_UNGUARDED_AVAILABILITY = YES_AGGRESSIVE;
				CLANG_WARN_UNREACHABLE_CODE = YES;
				CLANG_WARN__DUPLICATE_METHOD_MATCH = YES;
				COPY_PHASE_STRIP = NO;
				DEBUG_INFORMATION_FORMAT = "dwarf-with-dsym";
				ENABLE_NS_ASSERTIONS = NO;
				ENABLE_STRICT_OBJC_MSGSEND = YES;
				ENABLE_USER_SCRIPT_SANDBOXING = YES;
				GCC_C_LANGUAGE_STANDARD = gnu17;
				GCC_NO_COMMON_BLOCKS = YES;
				GCC_WARN_64_TO_32_BIT_CONVERSION = YES;
				GCC_WARN_ABOUT_RETURN_TYPE = YES_ERROR;
				GCC_WARN_UNDECLARED_SELECTOR = YES;
				GCC_WARN_UNINITIALIZED_AUTOS = YES_AGGRESSIVE;
				GCC_WARN_UNUSED_FUNCTION = YES;
				GCC_WARN_UNUSED_VARIABLE = YES;
				IPHONEOS_DEPLOYMENT_TARGET = 17.5;
				LOCALIZATION_PREFERS_STRING_CATALOGS = YES;
				MTL_ENABLE_DEBUG_INFO = NO;
				MTL_FAST_MATH = YES;
				SDKROOT = iphoneos;
				SWIFT_COMPILATION_MODE = wholemodule;
				VALIDATE_PRODUCT = YES;
			};
			name = Release;
		};
		EE06701B2D116D110071AD7D /* Debug */ = {
			isa = XCBuildConfiguration;
			buildSettings = {
				ASSETCATALOG_COMPILER_APPICON_NAME = AppIcon;
				ASSETCATALOG_COMPILER_GLOBAL_ACCENT_COLOR_NAME = AccentColor;
				CODE_SIGN_STYLE = Automatic;
				CURRENT_PROJECT_VERSION = 1;
				GENERATE_INFOPLIST_FILE = YES;
				INFOPLIST_FILE = "week-10/Info.plist";
				INFOPLIST_KEY_UIApplicationSupportsIndirectInputEvents = YES;
				INFOPLIST_KEY_UILaunchStoryboardName = LaunchScreen;
				INFOPLIST_KEY_UIMainStoryboardFile = Main;
				INFOPLIST_KEY_UISupportedInterfaceOrientations_iPad = "UIInterfaceOrientationPortrait UIInterfaceOrientationPortraitUpsideDown UIInterfaceOrientationLandscapeLeft UIInterfaceOrientationLandscapeRight";
				INFOPLIST_KEY_UISupportedInterfaceOrientations_iPhone = "UIInterfaceOrientationPortrait UIInterfaceOrientationLandscapeLeft UIInterfaceOrientationLandscapeRight";
				LD_RUNPATH_SEARCH_PATHS = (
					"$(inherited)",
					"@executable_path/Frameworks",
				);
				MARKETING_VERSION = 1.0;
				PRODUCT_BUNDLE_IDENTIFIER = "com.yongheon.week-10";
				PRODUCT_NAME = "$(TARGET_NAME)";
				SWIFT_EMIT_LOC_STRINGS = YES;
				SWIFT_VERSION = 5.0;
				TARGETED_DEVICE_FAMILY = "1,2";
			};
			name = Debug;
		};
		EE06701C2D116D110071AD7D /* Release */ = {
			isa = XCBuildConfiguration;
			buildSettings = {
				ASSETCATALOG_COMPILER_APPICON_NAME = AppIcon;
				ASSETCATALOG_COMPILER_GLOBAL_ACCENT_COLOR_NAME = AccentColor;
				CODE_SIGN_STYLE = Automatic;
				CURRENT_PROJECT_VERSION = 1;
				GENERATE_INFOPLIST_FILE = YES;
				INFOPLIST_FILE = "week-10/Info.plist";
				INFOPLIST_KEY_UIApplicationSupportsIndirectInputEvents = YES;
				INFOPLIST_KEY_UILaunchStoryboardName = LaunchScreen;
				INFOPLIST_KEY_UIMainStoryboardFile = Main;
				INFOPLIST_KEY_UISupportedInterfaceOrientations_iPad = "UIInterfaceOrientationPortrait UIInterfaceOrientationPortraitUpsideDown UIInterfaceOrientationLandscapeLeft UIInterfaceOrientationLandscapeRight";
				INFOPLIST_KEY_UISupportedInterfaceOrientations_iPhone = "UIInterfaceOrientationPortrait UIInterfaceOrientationLandscapeLeft UIInterfaceOrientationLandscapeRight";
				LD_RUNPATH_SEARCH_PATHS = (
					"$(inherited)",
					"@executable_path/Frameworks",
				);
				MARKETING_VERSION = 1.0;
				PRODUCT_BUNDLE_IDENTIFIER = "com.yongheon.week-10";
				PRODUCT_NAME = "$(TARGET_NAME)";
				SWIFT_EMIT_LOC_STRINGS = YES;
				SWIFT_VERSION = 5.0;
				TARGETED_DEVICE_FAMILY = "1,2";
			};
			name = Release;
		};
/* End XCBuildConfiguration section */

/* Begin XCConfigurationList section */
		EE0670012D116D0F0071AD7D /* Build configuration list for PBXProject "week-10" */ = {
			isa = XCConfigurationList;
			buildConfigurations = (
				EE0670182D116D110071AD7D /* Debug */,
				EE0670192D116D110071AD7D /* Release */,
			);
			defaultConfigurationIsVisible = 0;
			defaultConfigurationName = Release;
		};
		EE06701A2D116D110071AD7D /* Build configuration list for PBXNativeTarget "week-10" */ = {
			isa = XCConfigurationList;
			buildConfigurations = (
				EE06701B2D116D110071AD7D /* Debug */,
				EE06701C2D116D110071AD7D /* Release */,
			);
			defaultConfigurationIsVisible = 0;
			defaultConfigurationName = Release;
		};
/* End XCConfigurationList section */

/* Begin XCRemoteSwiftPackageReference section */
		EE06702B2D1265CB0071AD7D /* XCRemoteSwiftPackageReference "Fakery" */ = {
			isa = XCRemoteSwiftPackageReference;
			repositoryURL = "https://github.com/vadymmarkov/Fakery";
			requirement = {
				kind = upToNextMajorVersion;
				minimumVersion = 5.1.0;
			};
		};
/* End XCRemoteSwiftPackageReference section */

/* Begin XCSwiftPackageProductDependency section */
		EE06702C2D1265CB0071AD7D /* Fakery */ = {
			isa = XCSwiftPackageProductDependency;
			package = EE06702B2D1265CB0071AD7D /* XCRemoteSwiftPackageReference "Fakery" */;
			productName = Fakery;
		};
/* End XCSwiftPackageProductDependency section */
	};
	rootObject = EE066FFE2D116D0F0071AD7D /* Project object */;
}
