// !$*UTF8*$!
{
	archiveVersion = 1;
	classes = {
	};
	objectVersion = 56;
	objects = {

/* Begin PBXBuildFile section */
		EE2541BD2CF4C1F400AD1110 /* UIView+Ext.swift in Sources */ = {isa = PBXBuildFile; fileRef = EE2541BC2CF4C1F400AD1110 /* UIView+Ext.swift */; };
		EE84FB3A2CF4B44800820519 /* AppDelegate.swift in Sources */ = {isa = PBXBuildFile; fileRef = EE84FB392CF4B44800820519 /* AppDelegate.swift */; };
		EE84FB3C2CF4B44800820519 /* SceneDelegate.swift in Sources */ = {isa = PBXBuildFile; fileRef = EE84FB3B2CF4B44800820519 /* SceneDelegate.swift */; };
		EE84FB3E2CF4B44800820519 /* ViewController.swift in Sources */ = {isa = PBXBuildFile; fileRef = EE84FB3D2CF4B44800820519 /* ViewController.swift */; };
		EE84FB412CF4B44800820519 /* Base in Resources */ = {isa = PBXBuildFile; fileRef = EE84FB402CF4B44800820519 /* Base */; };
		EE84FB432CF4B44A00820519 /* Assets.xcassets in Resources */ = {isa = PBXBuildFile; fileRef = EE84FB422CF4B44A00820519 /* Assets.xcassets */; };
		EE84FB462CF4B44A00820519 /* Base in Resources */ = {isa = PBXBuildFile; fileRef = EE84FB452CF4B44A00820519 /* Base */; };
		EE9B761B2CF5561200182370 /* CategoryButtonView.xib in Resources */ = {isa = PBXBuildFile; fileRef = EE9B761A2CF5561200182370 /* CategoryButtonView.xib */; };
		EE9B761D2CF5561C00182370 /* CategoryButtonView.swift in Sources */ = {isa = PBXBuildFile; fileRef = EE9B761C2CF5561C00182370 /* CategoryButtonView.swift */; };
		EE9B76202CF5634500182370 /* CartViewController.storyboard in Resources */ = {isa = PBXBuildFile; fileRef = EE9B761F2CF5634500182370 /* CartViewController.storyboard */; };
		EE9B76222CF5634E00182370 /* CartViewController.swift in Sources */ = {isa = PBXBuildFile; fileRef = EE9B76212CF5634E00182370 /* CartViewController.swift */; };
/* End PBXBuildFile section */

/* Begin PBXFileReference section */
		EE2541BC2CF4C1F400AD1110 /* UIView+Ext.swift */ = {isa = PBXFileReference; lastKnownFileType = sourcecode.swift; path = "UIView+Ext.swift"; sourceTree = "<group>"; };
		EE84FB362CF4B44800820519 /* MusinsaCart.app */ = {isa = PBXFileReference; explicitFileType = wrapper.application; includeInIndex = 0; path = MusinsaCart.app; sourceTree = BUILT_PRODUCTS_DIR; };
		EE84FB392CF4B44800820519 /* AppDelegate.swift */ = {isa = PBXFileReference; lastKnownFileType = sourcecode.swift; path = AppDelegate.swift; sourceTree = "<group>"; };
		EE84FB3B2CF4B44800820519 /* SceneDelegate.swift */ = {isa = PBXFileReference; lastKnownFileType = sourcecode.swift; path = SceneDelegate.swift; sourceTree = "<group>"; };
		EE84FB3D2CF4B44800820519 /* ViewController.swift */ = {isa = PBXFileReference; lastKnownFileType = sourcecode.swift; path = ViewController.swift; sourceTree = "<group>"; };
		EE84FB402CF4B44800820519 /* Base */ = {isa = PBXFileReference; lastKnownFileType = file.storyboard; name = Base; path = Base.lproj/Main.storyboard; sourceTree = "<group>"; };
		EE84FB422CF4B44A00820519 /* Assets.xcassets */ = {isa = PBXFileReference; lastKnownFileType = folder.assetcatalog; path = Assets.xcassets; sourceTree = "<group>"; };
		EE84FB452CF4B44A00820519 /* Base */ = {isa = PBXFileReference; lastKnownFileType = file.storyboard; name = Base; path = Base.lproj/LaunchScreen.storyboard; sourceTree = "<group>"; };
		EE84FB472CF4B44A00820519 /* Info.plist */ = {isa = PBXFileReference; lastKnownFileType = text.plist.xml; path = Info.plist; sourceTree = "<group>"; };
		EE9B761A2CF5561200182370 /* CategoryButtonView.xib */ = {isa = PBXFileReference; lastKnownFileType = file.xib; path = CategoryButtonView.xib; sourceTree = "<group>"; };
		EE9B761C2CF5561C00182370 /* CategoryButtonView.swift */ = {isa = PBXFileReference; lastKnownFileType = sourcecode.swift; path = CategoryButtonView.swift; sourceTree = "<group>"; };
		EE9B761F2CF5634500182370 /* CartViewController.storyboard */ = {isa = PBXFileReference; lastKnownFileType = file.storyboard; path = CartViewController.storyboard; sourceTree = "<group>"; };
		EE9B76212CF5634E00182370 /* CartViewController.swift */ = {isa = PBXFileReference; lastKnownFileType = sourcecode.swift; path = CartViewController.swift; sourceTree = "<group>"; };
/* End PBXFileReference section */

/* Begin PBXFrameworksBuildPhase section */
		EE84FB332CF4B44800820519 /* Frameworks */ = {
			isa = PBXFrameworksBuildPhase;
			buildActionMask = 2147483647;
			files = (
			);
			runOnlyForDeploymentPostprocessing = 0;
		};
/* End PBXFrameworksBuildPhase section */

/* Begin PBXGroup section */
		EE84FB2D2CF4B44800820519 = {
			isa = PBXGroup;
			children = (
				EE84FB382CF4B44800820519 /* MusinsaCart */,
				EE84FB372CF4B44800820519 /* Products */,
			);
			sourceTree = "<group>";
		};
		EE84FB372CF4B44800820519 /* Products */ = {
			isa = PBXGroup;
			children = (
				EE84FB362CF4B44800820519 /* MusinsaCart.app */,
			);
			name = Products;
			sourceTree = "<group>";
		};
		EE84FB382CF4B44800820519 /* MusinsaCart */ = {
			isa = PBXGroup;
			children = (
				EE84FB392CF4B44800820519 /* AppDelegate.swift */,
				EE84FB3B2CF4B44800820519 /* SceneDelegate.swift */,
				EE84FB3D2CF4B44800820519 /* ViewController.swift */,
				EE84FB3F2CF4B44800820519 /* Main.storyboard */,
				EE9B761C2CF5561C00182370 /* CategoryButtonView.swift */,
				EE9B761A2CF5561200182370 /* CategoryButtonView.xib */,
				EE9B761E2CF5633200182370 /* CartScene */,
				EE9B76192CF555CE00182370 /* Extension */,
				EE84FB422CF4B44A00820519 /* Assets.xcassets */,
				EE84FB442CF4B44A00820519 /* LaunchScreen.storyboard */,
				EE84FB472CF4B44A00820519 /* Info.plist */,
			);
			path = MusinsaCart;
			sourceTree = "<group>";
		};
		EE9B76192CF555CE00182370 /* Extension */ = {
			isa = PBXGroup;
			children = (
				EE2541BC2CF4C1F400AD1110 /* UIView+Ext.swift */,
			);
			path = Extension;
			sourceTree = "<group>";
		};
		EE9B761E2CF5633200182370 /* CartScene */ = {
			isa = PBXGroup;
			children = (
				EE9B761F2CF5634500182370 /* CartViewController.storyboard */,
				EE9B76212CF5634E00182370 /* CartViewController.swift */,
			);
			path = CartScene;
			sourceTree = "<group>";
		};
/* End PBXGroup section */

/* Begin PBXNativeTarget section */
		EE84FB352CF4B44800820519 /* MusinsaCart */ = {
			isa = PBXNativeTarget;
			buildConfigurationList = EE84FB4A2CF4B44A00820519 /* Build configuration list for PBXNativeTarget "MusinsaCart" */;
			buildPhases = (
				EE84FB322CF4B44800820519 /* Sources */,
				EE84FB332CF4B44800820519 /* Frameworks */,
				EE84FB342CF4B44800820519 /* Resources */,
			);
			buildRules = (
			);
			dependencies = (
			);
			name = MusinsaCart;
			productName = MusinsaCart;
			productReference = EE84FB362CF4B44800820519 /* MusinsaCart.app */;
			productType = "com.apple.product-type.application";
		};
/* End PBXNativeTarget section */

/* Begin PBXProject section */
		EE84FB2E2CF4B44800820519 /* Project object */ = {
			isa = PBXProject;
			attributes = {
				BuildIndependentTargetsInParallel = 1;
				LastSwiftUpdateCheck = 1540;
				LastUpgradeCheck = 1540;
				TargetAttributes = {
					EE84FB352CF4B44800820519 = {
						CreatedOnToolsVersion = 15.4;
					};
				};
			};
			buildConfigurationList = EE84FB312CF4B44800820519 /* Build configuration list for PBXProject "MusinsaCart" */;
			compatibilityVersion = "Xcode 14.0";
			developmentRegion = en;
			hasScannedForEncodings = 0;
			knownRegions = (
				en,
				Base,
			);
			mainGroup = EE84FB2D2CF4B44800820519;
			productRefGroup = EE84FB372CF4B44800820519 /* Products */;
			projectDirPath = "";
			projectRoot = "";
			targets = (
				EE84FB352CF4B44800820519 /* MusinsaCart */,
			);
		};
/* End PBXProject section */

/* Begin PBXResourcesBuildPhase section */
		EE84FB342CF4B44800820519 /* Resources */ = {
			isa = PBXResourcesBuildPhase;
			buildActionMask = 2147483647;
			files = (
				EE9B761B2CF5561200182370 /* CategoryButtonView.xib in Resources */,
				EE84FB432CF4B44A00820519 /* Assets.xcassets in Resources */,
				EE84FB462CF4B44A00820519 /* Base in Resources */,
				EE84FB412CF4B44800820519 /* Base in Resources */,
				EE9B76202CF5634500182370 /* CartViewController.storyboard in Resources */,
			);
			runOnlyForDeploymentPostprocessing = 0;
		};
/* End PBXResourcesBuildPhase section */

/* Begin PBXSourcesBuildPhase section */
		EE84FB322CF4B44800820519 /* Sources */ = {
			isa = PBXSourcesBuildPhase;
			buildActionMask = 2147483647;
			files = (
				EE2541BD2CF4C1F400AD1110 /* UIView+Ext.swift in Sources */,
				EE84FB3E2CF4B44800820519 /* ViewController.swift in Sources */,
				EE84FB3A2CF4B44800820519 /* AppDelegate.swift in Sources */,
				EE84FB3C2CF4B44800820519 /* SceneDelegate.swift in Sources */,
				EE9B76222CF5634E00182370 /* CartViewController.swift in Sources */,
				EE9B761D2CF5561C00182370 /* CategoryButtonView.swift in Sources */,
			);
			runOnlyForDeploymentPostprocessing = 0;
		};
/* End PBXSourcesBuildPhase section */

/* Begin PBXVariantGroup section */
		EE84FB3F2CF4B44800820519 /* Main.storyboard */ = {
			isa = PBXVariantGroup;
			children = (
				EE84FB402CF4B44800820519 /* Base */,
			);
			name = Main.storyboard;
			sourceTree = "<group>";
		};
		EE84FB442CF4B44A00820519 /* LaunchScreen.storyboard */ = {
			isa = PBXVariantGroup;
			children = (
				EE84FB452CF4B44A00820519 /* Base */,
			);
			name = LaunchScreen.storyboard;
			sourceTree = "<group>";
		};
/* End PBXVariantGroup section */

/* Begin XCBuildConfiguration section */
		EE84FB482CF4B44A00820519 /* Debug */ = {
			isa = XCBuildConfiguration;
			buildSettings = {
				ALWAYS_SEARCH_USER_PATHS = NO;
				ASSETCATALOG_COMPILER_GENERATE_SWIFT_ASSET_SYMBOL_EXTENSIONS = YES;
				CLANG_ANALYZER_NONNULL = YES;
				CLANG_ANALYZER_NUMBER_OBJECT_CONVERSION = YES_AGGRESSIVE;
				CLANG_CXX_LANGUAGE_STANDARD = "gnu++20";
				CLANG_ENABLE_MODULES = YES;
				CLANG_ENABLE_OBJC_ARC = YES;
				CLANG_ENABLE_OBJC_WEAK = YES;
				CLANG_WARN_BLOCK_CAPTURE_AUTORELEASING = YES;
				CLANG_WARN_BOOL_CONVERSION = YES;
				CLANG_WARN_COMMA = YES;
				CLANG_WARN_CONSTANT_CONVERSION = YES;
				CLANG_WARN_DEPRECATED_OBJC_IMPLEMENTATIONS = YES;
				CLANG_WARN_DIRECT_OBJC_ISA_USAGE = YES_ERROR;
				CLANG_WARN_DOCUMENTATION_COMMENTS = YES;
				CLANG_WARN_EMPTY_BODY = YES;
				CLANG_WARN_ENUM_CONVERSION = YES;
				CLANG_WARN_INFINITE_RECURSION = YES;
				CLANG_WARN_INT_CONVERSION = YES;
				CLANG_WARN_NON_LITERAL_NULL_CONVERSION = YES;
				CLANG_WARN_OBJC_IMPLICIT_RETAIN_SELF = YES;
				CLANG_WARN_OBJC_LITERAL_CONVERSION = YES;
				CLANG_WARN_OBJC_ROOT_CLASS = YES_ERROR;
				CLANG_WARN_QUOTED_INCLUDE_IN_FRAMEWORK_HEADER = YES;
				CLANG_WARN_RANGE_LOOP_ANALYSIS = YES;
				CLANG_WARN_STRICT_PROTOTYPES = YES;
				CLANG_WARN_SUSPICIOUS_MOVE = YES;
				CLANG_WARN_UNGUARDED_AVAILABILITY = YES_AGGRESSIVE;
				CLANG_WARN_UNREACHABLE_CODE = YES;
				CLANG_WARN__DUPLICATE_METHOD_MATCH = YES;
				COPY_PHASE_STRIP = NO;
				DEBUG_INFORMATION_FORMAT = dwarf;
				ENABLE_STRICT_OBJC_MSGSEND = YES;
				ENABLE_TESTABILITY = YES;
				ENABLE_USER_SCRIPT_SANDBOXING = YES;
				GCC_C_LANGUAGE_STANDARD = gnu17;
				GCC_DYNAMIC_NO_PIC = NO;
				GCC_NO_COMMON_BLOCKS = YES;
				GCC_OPTIMIZATION_LEVEL = 0;
				GCC_PREPROCESSOR_DEFINITIONS = (
					"DEBUG=1",
					"$(inherited)",
				);
				GCC_WARN_64_TO_32_BIT_CONVERSION = YES;
				GCC_WARN_ABOUT_RETURN_TYPE = YES_ERROR;
				GCC_WARN_UNDECLARED_SELECTOR = YES;
				GCC_WARN_UNINITIALIZED_AUTOS = YES_AGGRESSIVE;
				GCC_WARN_UNUSED_FUNCTION = YES;
				GCC_WARN_UNUSED_VARIABLE = YES;
				IPHONEOS_DEPLOYMENT_TARGET = 17.5;
				LOCALIZATION_PREFERS_STRING_CATALOGS = YES;
				MTL_ENABLE_DEBUG_INFO = INCLUDE_SOURCE;
				MTL_FAST_MATH = YES;
				ONLY_ACTIVE_ARCH = YES;
				SDKROOT = iphoneos;
				SWIFT_ACTIVE_COMPILATION_CONDITIONS = "DEBUG $(inherited)";
				SWIFT_OPTIMIZATION_LEVEL = "-Onone";
			};
			name = Debug;
		};
		EE84FB492CF4B44A00820519 /* Release */ = {
			isa = XCBuildConfiguration;
			buildSettings = {
				ALWAYS_SEARCH_USER_PATHS = NO;
				ASSETCATALOG_COMPILER_GENERATE_SWIFT_ASSET_SYMBOL_EXTENSIONS = YES;
				CLANG_ANALYZER_NONNULL = YES;
				CLANG_ANALYZER_NUMBER_OBJECT_CONVERSION = YES_AGGRESSIVE;
				CLANG_CXX_LANGUAGE_STANDARD = "gnu++20";
				CLANG_ENABLE_MODULES = YES;
				CLANG_ENABLE_OBJC_ARC = YES;
				CLANG_ENABLE_OBJC_WEAK = YES;
				CLANG_WARN_BLOCK_CAPTURE_AUTORELEASING = YES;
				CLANG_WARN_BOOL_CONVERSION = YES;
				CLANG_WARN_COMMA = YES;
				CLANG_WARN_CONSTANT_CONVERSION = YES;
				CLANG_WARN_DEPRECATED_OBJC_IMPLEMENTATIONS = YES;
				CLANG_WARN_DIRECT_OBJC_ISA_USAGE = YES_ERROR;
				CLANG_WARN_DOCUMENTATION_COMMENTS = YES;
				CLANG_WARN_EMPTY_BODY = YES;
				CLANG_WARN_ENUM_CONVERSION = YES;
				CLANG_WARN_INFINITE_RECURSION = YES;
				CLANG_WARN_INT_CONVERSION = YES;
				CLANG_WARN_NON_LITERAL_NULL_CONVERSION = YES;
				CLANG_WARN_OBJC_IMPLICIT_RETAIN_SELF = YES;
				CLANG_WARN_OBJC_LITERAL_CONVERSION = YES;
				CLANG_WARN_OBJC_ROOT_CLASS = YES_ERROR;
				CLANG_WARN_QUOTED_INCLUDE_IN_FRAMEWORK_HEADER = YES;
				CLANG_WARN_RANGE_LOOP_ANALYSIS = YES;
				CLANG_WARN_STRICT_PROTOTYPES = YES;
				CLANG_WARN_SUSPICIOUS_MOVE = YES;
				CLANG_WARN_UNGUARDED_AVAILABILITY = YES_AGGRESSIVE;
				CLANG_WARN_UNREACHABLE_CODE = YES;
				CLANG_WARN__DUPLICATE_METHOD_MATCH = YES;
				COPY_PHASE_STRIP = NO;
				DEBUG_INFORMATION_FORMAT = "dwarf-with-dsym";
				ENABLE_NS_ASSERTIONS = NO;
				ENABLE_STRICT_OBJC_MSGSEND = YES;
				ENABLE_USER_SCRIPT_SANDBOXING = YES;
				GCC_C_LANGUAGE_STANDARD = gnu17;
				GCC_NO_COMMON_BLOCKS = YES;
				GCC_WARN_64_TO_32_BIT_CONVERSION = YES;
				GCC_WARN_ABOUT_RETURN_TYPE = YES_ERROR;
				GCC_WARN_UNDECLARED_SELECTOR = YES;
				GCC_WARN_UNINITIALIZED_AUTOS = YES_AGGRESSIVE;
				GCC_WARN_UNUSED_FUNCTION = YES;
				GCC_WARN_UNUSED_VARIABLE = YES;
				IPHONEOS_DEPLOYMENT_TARGET = 17.5;
				LOCALIZATION_PREFERS_STRING_CATALOGS = YES;
				MTL_ENABLE_DEBUG_INFO = NO;
				MTL_FAST_MATH = YES;
				SDKROOT = iphoneos;
				SWIFT_COMPILATION_MODE = wholemodule;
				VALIDATE_PRODUCT = YES;
			};
			name = Release;
		};
		EE84FB4B2CF4B44A00820519 /* Debug */ = {
			isa = XCBuildConfiguration;
			buildSettings = {
				ASSETCATALOG_COMPILER_APPICON_NAME = AppIcon;
				ASSETCATALOG_COMPILER_GLOBAL_ACCENT_COLOR_NAME = AccentColor;
				CODE_SIGN_STYLE = Automatic;
				CURRENT_PROJECT_VERSION = 1;
				GENERATE_INFOPLIST_FILE = YES;
				INFOPLIST_FILE = MusinsaCart/Info.plist;
				INFOPLIST_KEY_UIApplicationSupportsIndirectInputEvents = YES;
				INFOPLIST_KEY_UILaunchStoryboardName = LaunchScreen;
				INFOPLIST_KEY_UIMainStoryboardFile = Main;
				INFOPLIST_KEY_UISupportedInterfaceOrientations_iPad = "UIInterfaceOrientationPortrait UIInterfaceOrientationPortraitUpsideDown UIInterfaceOrientationLandscapeLeft UIInterfaceOrientationLandscapeRight";
				INFOPLIST_KEY_UISupportedInterfaceOrientations_iPhone = "UIInterfaceOrientationPortrait UIInterfaceOrientationLandscapeLeft UIInterfaceOrientationLandscapeRight";
				LD_RUNPATH_SEARCH_PATHS = (
					"$(inherited)",
					"@executable_path/Frameworks",
				);
				MARKETING_VERSION = 1.0;
				PRODUCT_BUNDLE_IDENTIFIER = com.yongheon.MusinsaCart;
				PRODUCT_NAME = "$(TARGET_NAME)";
				SWIFT_EMIT_LOC_STRINGS = YES;
				SWIFT_VERSION = 5.0;
				TARGETED_DEVICE_FAMILY = "1,2";
			};
			name = Debug;
		};
		EE84FB4C2CF4B44A00820519 /* Release */ = {
			isa = XCBuildConfiguration;
			buildSettings = {
				ASSETCATALOG_COMPILER_APPICON_NAME = AppIcon;
				ASSETCATALOG_COMPILER_GLOBAL_ACCENT_COLOR_NAME = AccentColor;
				CODE_SIGN_STYLE = Automatic;
				CURRENT_PROJECT_VERSION = 1;
				GENERATE_INFOPLIST_FILE = YES;
				INFOPLIST_FILE = MusinsaCart/Info.plist;
				INFOPLIST_KEY_UIApplicationSupportsIndirectInputEvents = YES;
				INFOPLIST_KEY_UILaunchStoryboardName = LaunchScreen;
				INFOPLIST_KEY_UIMainStoryboardFile = Main;
				INFOPLIST_KEY_UISupportedInterfaceOrientations_iPad = "UIInterfaceOrientationPortrait UIInterfaceOrientationPortraitUpsideDown UIInterfaceOrientationLandscapeLeft UIInterfaceOrientationLandscapeRight";
				INFOPLIST_KEY_UISupportedInterfaceOrientations_iPhone = "UIInterfaceOrientationPortrait UIInterfaceOrientationLandscapeLeft UIInterfaceOrientationLandscapeRight";
				LD_RUNPATH_SEARCH_PATHS = (
					"$(inherited)",
					"@executable_path/Frameworks",
				);
				MARKETING_VERSION = 1.0;
				PRODUCT_BUNDLE_IDENTIFIER = com.yongheon.MusinsaCart;
				PRODUCT_NAME = "$(TARGET_NAME)";
				SWIFT_EMIT_LOC_STRINGS = YES;
				SWIFT_VERSION = 5.0;
				TARGETED_DEVICE_FAMILY = "1,2";
			};
			name = Release;
		};
/* End XCBuildConfiguration section */

/* Begin XCConfigurationList section */
		EE84FB312CF4B44800820519 /* Build configuration list for PBXProject "MusinsaCart" */ = {
			isa = XCConfigurationList;
			buildConfigurations = (
				EE84FB482CF4B44A00820519 /* Debug */,
				EE84FB492CF4B44A00820519 /* Release */,
			);
			defaultConfigurationIsVisible = 0;
			defaultConfigurationName = Release;
		};
		EE84FB4A2CF4B44A00820519 /* Build configuration list for PBXNativeTarget "MusinsaCart" */ = {
			isa = XCConfigurationList;
			buildConfigurations = (
				EE84FB4B2CF4B44A00820519 /* Debug */,
				EE84FB4C2CF4B44A00820519 /* Release */,
			);
			defaultConfigurationIsVisible = 0;
			defaultConfigurationName = Release;
		};
/* End XCConfigurationList section */
	};
	rootObject = EE84FB2E2CF4B44800820519 /* Project object */;
}
